// !$*UTF8*$!
{
	archiveVersion = 1;
	classes = {
	};
	objectVersion = 56;
	objects = {

/* Begin PBXBuildFile section */
		12CF37752BF50332008A1C3E /* CurrencyCalculatorApp.swift in Sources */ = {isa = PBXBuildFile; fileRef = 12CF37742BF50332008A1C3E /* CurrencyCalculatorApp.swift */; };
		12CF37772BF50332008A1C3E /* ContentView.swift in Sources */ = {isa = PBXBuildFile; fileRef = 12CF37762BF50332008A1C3E /* ContentView.swift */; };
		12CF37792BF50334008A1C3E /* Assets.xcassets in Resources */ = {isa = PBXBuildFile; fileRef = 12CF37782BF50334008A1C3E /* Assets.xcassets */; };
		12CF377C2BF50334008A1C3E /* Preview Assets.xcassets in Resources */ = {isa = PBXBuildFile; fileRef = 12CF377B2BF50334008A1C3E /* Preview Assets.xcassets */; };
		12CF378C2BF506D8008A1C3E /* NumberPadButton.swift in Sources */ = {isa = PBXBuildFile; fileRef = 12CF378B2BF506D8008A1C3E /* NumberPadButton.swift */; };
		12CF37912BF50A1F008A1C3E /* Color.swift in Sources */ = {isa = PBXBuildFile; fileRef = 12CF37902BF50A1F008A1C3E /* Color.swift */; };
		12CF37952BF526AA008A1C3E /* CurrencySelectionAndTextFieldView.swift in Sources */ = {isa = PBXBuildFile; fileRef = 12CF37942BF526AA008A1C3E /* CurrencySelectionAndTextFieldView.swift */; };
		12CF37972BF52ACF008A1C3E /* FooterView.swift in Sources */ = {isa = PBXBuildFile; fileRef = 12CF37962BF52ACF008A1C3E /* FooterView.swift */; };
		12CF37992BF52C4A008A1C3E /* Date.swift in Sources */ = {isa = PBXBuildFile; fileRef = 12CF37982BF52C4A008A1C3E /* Date.swift */; };
		12CF379B2BF52D69008A1C3E /* IconView.swift in Sources */ = {isa = PBXBuildFile; fileRef = 12CF379A2BF52D69008A1C3E /* IconView.swift */; };
		12CF379D2BF52FEC008A1C3E /* SearchBarView.swift in Sources */ = {isa = PBXBuildFile; fileRef = 12CF379C2BF52FEC008A1C3E /* SearchBarView.swift */; };
		12CF379F2BF53020008A1C3E /* UIApplication.swift in Sources */ = {isa = PBXBuildFile; fileRef = 12CF379E2BF53020008A1C3E /* UIApplication.swift */; };
		12CF37A12BF530B9008A1C3E /* CountryListView.swift in Sources */ = {isa = PBXBuildFile; fileRef = 12CF37A02BF530B9008A1C3E /* CountryListView.swift */; };
		12CF37A32BF5A805008A1C3E /* TLButton.swift in Sources */ = {isa = PBXBuildFile; fileRef = 12CF37A22BF5A805008A1C3E /* TLButton.swift */; };
		12CF37A52BF5AA63008A1C3E /* HomeView.swift in Sources */ = {isa = PBXBuildFile; fileRef = 12CF37A42BF5AA63008A1C3E /* HomeView.swift */; };
		12CF37A72BF5BF3D008A1C3E /* CurrencyDataService.swift in Sources */ = {isa = PBXBuildFile; fileRef = 12CF37A62BF5BF3D008A1C3E /* CurrencyDataService.swift */; };
		12CF37A92BF5BFA2008A1C3E /* CurrencyModel.swift in Sources */ = {isa = PBXBuildFile; fileRef = 12CF37A82BF5BFA2008A1C3E /* CurrencyModel.swift */; };
		12CF37AC2BF5C0A7008A1C3E /* NetworkService.swift in Sources */ = {isa = PBXBuildFile; fileRef = 12CF37AB2BF5C0A7008A1C3E /* NetworkService.swift */; };
		12CF37AE2BF5C2BC008A1C3E /* HomeViewModel.swift in Sources */ = {isa = PBXBuildFile; fileRef = 12CF37AD2BF5C2BC008A1C3E /* HomeViewModel.swift */; };
		12CF37B02BF5C49E008A1C3E /* PreviewProvider.swift in Sources */ = {isa = PBXBuildFile; fileRef = 12CF37AF2BF5C49E008A1C3E /* PreviewProvider.swift */; };
		12CF37B22BF5E47E008A1C3E /* CurrencyConvertor.swift in Sources */ = {isa = PBXBuildFile; fileRef = 12CF37B12BF5E47E008A1C3E /* CurrencyConvertor.swift */; };
/* End PBXBuildFile section */

/* Begin PBXFileReference section */
		12CF37712BF50332008A1C3E /* CurrencyCalculator.app */ = {isa = PBXFileReference; explicitFileType = wrapper.application; includeInIndex = 0; path = CurrencyCalculator.app; sourceTree = BUILT_PRODUCTS_DIR; };
		12CF37742BF50332008A1C3E /* CurrencyCalculatorApp.swift */ = {isa = PBXFileReference; lastKnownFileType = sourcecode.swift; path = CurrencyCalculatorApp.swift; sourceTree = "<group>"; };
		12CF37762BF50332008A1C3E /* ContentView.swift */ = {isa = PBXFileReference; lastKnownFileType = sourcecode.swift; path = ContentView.swift; sourceTree = "<group>"; };
		12CF37782BF50334008A1C3E /* Assets.xcassets */ = {isa = PBXFileReference; lastKnownFileType = folder.assetcatalog; path = Assets.xcassets; sourceTree = "<group>"; };
		12CF377B2BF50334008A1C3E /* Preview Assets.xcassets */ = {isa = PBXFileReference; lastKnownFileType = folder.assetcatalog; path = "Preview Assets.xcassets"; sourceTree = "<group>"; };
		12CF378B2BF506D8008A1C3E /* NumberPadButton.swift */ = {isa = PBXFileReference; lastKnownFileType = sourcecode.swift; path = NumberPadButton.swift; sourceTree = "<group>"; };
		12CF37902BF50A1F008A1C3E /* Color.swift */ = {isa = PBXFileReference; lastKnownFileType = sourcecode.swift; path = Color.swift; sourceTree = "<group>"; };
		12CF37942BF526AA008A1C3E /* CurrencySelectionAndTextFieldView.swift */ = {isa = PBXFileReference; lastKnownFileType = sourcecode.swift; path = CurrencySelectionAndTextFieldView.swift; sourceTree = "<group>"; };
		12CF37962BF52ACF008A1C3E /* FooterView.swift */ = {isa = PBXFileReference; lastKnownFileType = sourcecode.swift; path = FooterView.swift; sourceTree = "<group>"; };
		12CF37982BF52C4A008A1C3E /* Date.swift */ = {isa = PBXFileReference; lastKnownFileType = sourcecode.swift; path = Date.swift; sourceTree = "<group>"; };
		12CF379A2BF52D69008A1C3E /* IconView.swift */ = {isa = PBXFileReference; lastKnownFileType = sourcecode.swift; path = IconView.swift; sourceTree = "<group>"; };
		12CF379C2BF52FEC008A1C3E /* SearchBarView.swift */ = {isa = PBXFileReference; lastKnownFileType = sourcecode.swift; path = SearchBarView.swift; sourceTree = "<group>"; };
		12CF379E2BF53020008A1C3E /* UIApplication.swift */ = {isa = PBXFileReference; lastKnownFileType = sourcecode.swift; path = UIApplication.swift; sourceTree = "<group>"; };
		12CF37A02BF530B9008A1C3E /* CountryListView.swift */ = {isa = PBXFileReference; lastKnownFileType = sourcecode.swift; path = CountryListView.swift; sourceTree = "<group>"; };
		12CF37A22BF5A805008A1C3E /* TLButton.swift */ = {isa = PBXFileReference; lastKnownFileType = sourcecode.swift; path = TLButton.swift; sourceTree = "<group>"; };
		12CF37A42BF5AA63008A1C3E /* HomeView.swift */ = {isa = PBXFileReference; lastKnownFileType = sourcecode.swift; path = HomeView.swift; sourceTree = "<group>"; };
		12CF37A62BF5BF3D008A1C3E /* CurrencyDataService.swift */ = {isa = PBXFileReference; lastKnownFileType = sourcecode.swift; path = CurrencyDataService.swift; sourceTree = "<group>"; };
		12CF37A82BF5BFA2008A1C3E /* CurrencyModel.swift */ = {isa = PBXFileReference; lastKnownFileType = sourcecode.swift; path = CurrencyModel.swift; sourceTree = "<group>"; };
		12CF37AB2BF5C0A7008A1C3E /* NetworkService.swift */ = {isa = PBXFileReference; lastKnownFileType = sourcecode.swift; path = NetworkService.swift; sourceTree = "<group>"; };
		12CF37AD2BF5C2BC008A1C3E /* HomeViewModel.swift */ = {isa = PBXFileReference; lastKnownFileType = sourcecode.swift; path = HomeViewModel.swift; sourceTree = "<group>"; };
		12CF37AF2BF5C49E008A1C3E /* PreviewProvider.swift */ = {isa = PBXFileReference; lastKnownFileType = sourcecode.swift; path = PreviewProvider.swift; sourceTree = "<group>"; };
		12CF37B12BF5E47E008A1C3E /* CurrencyConvertor.swift */ = {isa = PBXFileReference; lastKnownFileType = sourcecode.swift; path = CurrencyConvertor.swift; sourceTree = "<group>"; };
/* End PBXFileReference section */

/* Begin PBXFrameworksBuildPhase section */
		12CF376E2BF50332008A1C3E /* Frameworks */ = {
			isa = PBXFrameworksBuildPhase;
			buildActionMask = 2147483647;
			files = (
			);
			runOnlyForDeploymentPostprocessing = 0;
		};
/* End PBXFrameworksBuildPhase section */

/* Begin PBXGroup section */
		12CF37682BF50332008A1C3E = {
			isa = PBXGroup;
			children = (
				12CF37732BF50332008A1C3E /* CurrencyCalculator */,
				12CF37722BF50332008A1C3E /* Products */,
			);
			sourceTree = "<group>";
		};
		12CF37722BF50332008A1C3E /* Products */ = {
			isa = PBXGroup;
			children = (
				12CF37712BF50332008A1C3E /* CurrencyCalculator.app */,
			);
			name = Products;
			sourceTree = "<group>";
		};
		12CF37732BF50332008A1C3E /* CurrencyCalculator */ = {
			isa = PBXGroup;
			children = (
				12CF37AA2BF5C09B008A1C3E /* Utilities */,
				12CF37872BF50588008A1C3E /* Extensions */,
				12CF37862BF50574008A1C3E /* Services */,
				12CF37832BF50553008A1C3E /* Core */,
				12CF37822BF5054D008A1C3E /* Model */,
				12CF37742BF50332008A1C3E /* CurrencyCalculatorApp.swift */,
				12CF37762BF50332008A1C3E /* ContentView.swift */,
				12CF37782BF50334008A1C3E /* Assets.xcassets */,
				12CF377A2BF50334008A1C3E /* Preview Content */,
			);
			path = CurrencyCalculator;
			sourceTree = "<group>";
		};
		12CF377A2BF50334008A1C3E /* Preview Content */ = {
			isa = PBXGroup;
			children = (
				12CF377B2BF50334008A1C3E /* Preview Assets.xcassets */,
			);
			path = "Preview Content";
			sourceTree = "<group>";
		};
		12CF37822BF5054D008A1C3E /* Model */ = {
			isa = PBXGroup;
			children = (
				12CF37A82BF5BFA2008A1C3E /* CurrencyModel.swift */,
			);
			path = Model;
			sourceTree = "<group>";
		};
		12CF37832BF50553008A1C3E /* Core */ = {
			isa = PBXGroup;
			children = (
				12CF37882BF50596008A1C3E /* Home */,
			);
			path = Core;
			sourceTree = "<group>";
		};
		12CF37842BF50560008A1C3E /* Views */ = {
			isa = PBXGroup;
			children = (
				12CF378B2BF506D8008A1C3E /* NumberPadButton.swift */,
				12CF37942BF526AA008A1C3E /* CurrencySelectionAndTextFieldView.swift */,
				12CF37A02BF530B9008A1C3E /* CountryListView.swift */,
				12CF37A42BF5AA63008A1C3E /* HomeView.swift */,
			);
			path = Views;
			sourceTree = "<group>";
		};
		12CF37852BF50567008A1C3E /* ViewModels */ = {
			isa = PBXGroup;
			children = (
				12CF37AD2BF5C2BC008A1C3E /* HomeViewModel.swift */,
			);
			path = ViewModels;
			sourceTree = "<group>";
		};
		12CF37862BF50574008A1C3E /* Services */ = {
			isa = PBXGroup;
			children = (
				12CF37A62BF5BF3D008A1C3E /* CurrencyDataService.swift */,
			);
			path = Services;
			sourceTree = "<group>";
		};
		12CF37872BF50588008A1C3E /* Extensions */ = {
			isa = PBXGroup;
			children = (
				12CF37902BF50A1F008A1C3E /* Color.swift */,
				12CF37982BF52C4A008A1C3E /* Date.swift */,
				12CF379E2BF53020008A1C3E /* UIApplication.swift */,
				12CF37AF2BF5C49E008A1C3E /* PreviewProvider.swift */,
			);
			path = Extensions;
			sourceTree = "<group>";
		};
		12CF37882BF50596008A1C3E /* Home */ = {
			isa = PBXGroup;
			children = (
				12CF378A2BF506C2008A1C3E /* Components */,
				12CF37842BF50560008A1C3E /* Views */,
				12CF37852BF50567008A1C3E /* ViewModels */,
			);
			path = Home;
			sourceTree = "<group>";
		};
		12CF378A2BF506C2008A1C3E /* Components */ = {
			isa = PBXGroup;
			children = (
				12CF37962BF52ACF008A1C3E /* FooterView.swift */,
				12CF379A2BF52D69008A1C3E /* IconView.swift */,
				12CF379C2BF52FEC008A1C3E /* SearchBarView.swift */,
				12CF37A22BF5A805008A1C3E /* TLButton.swift */,
			);
			path = Components;
			sourceTree = "<group>";
		};
		12CF37AA2BF5C09B008A1C3E /* Utilities */ = {
			isa = PBXGroup;
			children = (
				12CF37AB2BF5C0A7008A1C3E /* NetworkService.swift */,
				12CF37B12BF5E47E008A1C3E /* CurrencyConvertor.swift */,
			);
			path = Utilities;
			sourceTree = "<group>";
		};
/* End PBXGroup section */

/* Begin PBXNativeTarget section */
		12CF37702BF50332008A1C3E /* CurrencyCalculator */ = {
			isa = PBXNativeTarget;
			buildConfigurationList = 12CF377F2BF50334008A1C3E /* Build configuration list for PBXNativeTarget "CurrencyCalculator" */;
			buildPhases = (
				12CF376D2BF50332008A1C3E /* Sources */,
				12CF376E2BF50332008A1C3E /* Frameworks */,
				12CF376F2BF50332008A1C3E /* Resources */,
			);
			buildRules = (
			);
			dependencies = (
			);
			name = CurrencyCalculator;
			productName = CurrencyCalculator;
			productReference = 12CF37712BF50332008A1C3E /* CurrencyCalculator.app */;
			productType = "com.apple.product-type.application";
		};
/* End PBXNativeTarget section */

/* Begin PBXProject section */
		12CF37692BF50332008A1C3E /* Project object */ = {
			isa = PBXProject;
			attributes = {
				BuildIndependentTargetsInParallel = 1;
				LastSwiftUpdateCheck = 1530;
				LastUpgradeCheck = 1530;
				TargetAttributes = {
					12CF37702BF50332008A1C3E = {
						CreatedOnToolsVersion = 15.3;
					};
				};
			};
			buildConfigurationList = 12CF376C2BF50332008A1C3E /* Build configuration list for PBXProject "CurrencyCalculator" */;
			compatibilityVersion = "Xcode 14.0";
			developmentRegion = en;
			hasScannedForEncodings = 0;
			knownRegions = (
				en,
				Base,
			);
			mainGroup = 12CF37682BF50332008A1C3E;
			productRefGroup = 12CF37722BF50332008A1C3E /* Products */;
			projectDirPath = "";
			projectRoot = "";
			targets = (
				12CF37702BF50332008A1C3E /* CurrencyCalculator */,
			);
		};
/* End PBXProject section */

/* Begin PBXResourcesBuildPhase section */
		12CF376F2BF50332008A1C3E /* Resources */ = {
			isa = PBXResourcesBuildPhase;
			buildActionMask = 2147483647;
			files = (
				12CF377C2BF50334008A1C3E /* Preview Assets.xcassets in Resources */,
				12CF37792BF50334008A1C3E /* Assets.xcassets in Resources */,
			);
			runOnlyForDeploymentPostprocessing = 0;
		};
/* End PBXResourcesBuildPhase section */

/* Begin PBXSourcesBuildPhase section */
		12CF376D2BF50332008A1C3E /* Sources */ = {
			isa = PBXSourcesBuildPhase;
			buildActionMask = 2147483647;
			files = (
				12CF37AE2BF5C2BC008A1C3E /* HomeViewModel.swift in Sources */,
				12CF37A32BF5A805008A1C3E /* TLButton.swift in Sources */,
				12CF37A52BF5AA63008A1C3E /* HomeView.swift in Sources */,
				12CF379D2BF52FEC008A1C3E /* SearchBarView.swift in Sources */,
				12CF37772BF50332008A1C3E /* ContentView.swift in Sources */,
				12CF37972BF52ACF008A1C3E /* FooterView.swift in Sources */,
				12CF37A92BF5BFA2008A1C3E /* CurrencyModel.swift in Sources */,
				12CF37B02BF5C49E008A1C3E /* PreviewProvider.swift in Sources */,
				12CF379F2BF53020008A1C3E /* UIApplication.swift in Sources */,
				12CF37992BF52C4A008A1C3E /* Date.swift in Sources */,
				12CF379B2BF52D69008A1C3E /* IconView.swift in Sources */,
				12CF37A72BF5BF3D008A1C3E /* CurrencyDataService.swift in Sources */,
				12CF37AC2BF5C0A7008A1C3E /* NetworkService.swift in Sources */,
				12CF37752BF50332008A1C3E /* CurrencyCalculatorApp.swift in Sources */,
				12CF37912BF50A1F008A1C3E /* Color.swift in Sources */,
				12CF37952BF526AA008A1C3E /* CurrencySelectionAndTextFieldView.swift in Sources */,
				12CF37B22BF5E47E008A1C3E /* CurrencyConvertor.swift in Sources */,
				12CF378C2BF506D8008A1C3E /* NumberPadButton.swift in Sources */,
				12CF37A12BF530B9008A1C3E /* CountryListView.swift in Sources */,
			);
			runOnlyForDeploymentPostprocessing = 0;
		};
/* End PBXSourcesBuildPhase section */

/* Begin XCBuildConfiguration section */
		12CF377D2BF50334008A1C3E /* Debug */ = {
			isa = XCBuildConfiguration;
			buildSettings = {
				ALWAYS_SEARCH_USER_PATHS = NO;
				ASSETCATALOG_COMPILER_GENERATE_SWIFT_ASSET_SYMBOL_EXTENSIONS = YES;
				CLANG_ANALYZER_NONNULL = YES;
				CLANG_ANALYZER_NUMBER_OBJECT_CONVERSION = YES_AGGRESSIVE;
				CLANG_CXX_LANGUAGE_STANDARD = "gnu++20";
				CLANG_ENABLE_MODULES = YES;
				CLANG_ENABLE_OBJC_ARC = YES;
				CLANG_ENABLE_OBJC_WEAK = YES;
				CLANG_WARN_BLOCK_CAPTURE_AUTORELEASING = YES;
				CLANG_WARN_BOOL_CONVERSION = YES;
				CLANG_WARN_COMMA = YES;
				CLANG_WARN_CONSTANT_CONVERSION = YES;
				CLANG_WARN_DEPRECATED_OBJC_IMPLEMENTATIONS = YES;
				CLANG_WARN_DIRECT_OBJC_ISA_USAGE = YES_ERROR;
				CLANG_WARN_DOCUMENTATION_COMMENTS = YES;
				CLANG_WARN_EMPTY_BODY = YES;
				CLANG_WARN_ENUM_CONVERSION = YES;
				CLANG_WARN_INFINITE_RECURSION = YES;
				CLANG_WARN_INT_CONVERSION = YES;
				CLANG_WARN_NON_LITERAL_NULL_CONVERSION = YES;
				CLANG_WARN_OBJC_IMPLICIT_RETAIN_SELF = YES;
				CLANG_WARN_OBJC_LITERAL_CONVERSION = YES;
				CLANG_WARN_OBJC_ROOT_CLASS = YES_ERROR;
				CLANG_WARN_QUOTED_INCLUDE_IN_FRAMEWORK_HEADER = YES;
				CLANG_WARN_RANGE_LOOP_ANALYSIS = YES;
				CLANG_WARN_STRICT_PROTOTYPES = YES;
				CLANG_WARN_SUSPICIOUS_MOVE = YES;
				CLANG_WARN_UNGUARDED_AVAILABILITY = YES_AGGRESSIVE;
				CLANG_WARN_UNREACHABLE_CODE = YES;
				CLANG_WARN__DUPLICATE_METHOD_MATCH = YES;
				COPY_PHASE_STRIP = NO;
				DEBUG_INFORMATION_FORMAT = dwarf;
				ENABLE_STRICT_OBJC_MSGSEND = YES;
				ENABLE_TESTABILITY = YES;
				ENABLE_USER_SCRIPT_SANDBOXING = YES;
				GCC_C_LANGUAGE_STANDARD = gnu17;
				GCC_DYNAMIC_NO_PIC = NO;
				GCC_NO_COMMON_BLOCKS = YES;
				GCC_OPTIMIZATION_LEVEL = 0;
				GCC_PREPROCESSOR_DEFINITIONS = (
					"DEBUG=1",
					"$(inherited)",
				);
				GCC_WARN_64_TO_32_BIT_CONVERSION = YES;
				GCC_WARN_ABOUT_RETURN_TYPE = YES_ERROR;
				GCC_WARN_UNDECLARED_SELECTOR = YES;
				GCC_WARN_UNINITIALIZED_AUTOS = YES_AGGRESSIVE;
				GCC_WARN_UNUSED_FUNCTION = YES;
				GCC_WARN_UNUSED_VARIABLE = YES;
				IPHONEOS_DEPLOYMENT_TARGET = 17.4;
				LOCALIZATION_PREFERS_STRING_CATALOGS = YES;
				MTL_ENABLE_DEBUG_INFO = INCLUDE_SOURCE;
				MTL_FAST_MATH = YES;
				ONLY_ACTIVE_ARCH = YES;
				SDKROOT = iphoneos;
				SWIFT_ACTIVE_COMPILATION_CONDITIONS = "DEBUG $(inherited)";
				SWIFT_OPTIMIZATION_LEVEL = "-Onone";
			};
			name = Debug;
		};
		12CF377E2BF50334008A1C3E /* Release */ = {
			isa = XCBuildConfiguration;
			buildSettings = {
				ALWAYS_SEARCH_USER_PATHS = NO;
				ASSETCATALOG_COMPILER_GENERATE_SWIFT_ASSET_SYMBOL_EXTENSIONS = YES;
				CLANG_ANALYZER_NONNULL = YES;
				CLANG_ANALYZER_NUMBER_OBJECT_CONVERSION = YES_AGGRESSIVE;
				CLANG_CXX_LANGUAGE_STANDARD = "gnu++20";
				CLANG_ENABLE_MODULES = YES;
				CLANG_ENABLE_OBJC_ARC = YES;
				CLANG_ENABLE_OBJC_WEAK = YES;
				CLANG_WARN_BLOCK_CAPTURE_AUTORELEASING = YES;
				CLANG_WARN_BOOL_CONVERSION = YES;
				CLANG_WARN_COMMA = YES;
				CLANG_WARN_CONSTANT_CONVERSION = YES;
				CLANG_WARN_DEPRECATED_OBJC_IMPLEMENTATIONS = YES;
				CLANG_WARN_DIRECT_OBJC_ISA_USAGE = YES_ERROR;
				CLANG_WARN_DOCUMENTATION_COMMENTS = YES;
				CLANG_WARN_EMPTY_BODY = YES;
				CLANG_WARN_ENUM_CONVERSION = YES;
				CLANG_WARN_INFINITE_RECURSION = YES;
				CLANG_WARN_INT_CONVERSION = YES;
				CLANG_WARN_NON_LITERAL_NULL_CONVERSION = YES;
				CLANG_WARN_OBJC_IMPLICIT_RETAIN_SELF = YES;
				CLANG_WARN_OBJC_LITERAL_CONVERSION = YES;
				CLANG_WARN_OBJC_ROOT_CLASS = YES_ERROR;
				CLANG_WARN_QUOTED_INCLUDE_IN_FRAMEWORK_HEADER = YES;
				CLANG_WARN_RANGE_LOOP_ANALYSIS = YES;
				CLANG_WARN_STRICT_PROTOTYPES = YES;
				CLANG_WARN_SUSPICIOUS_MOVE = YES;
				CLANG_WARN_UNGUARDED_AVAILABILITY = YES_AGGRESSIVE;
				CLANG_WARN_UNREACHABLE_CODE = YES;
				CLANG_WARN__DUPLICATE_METHOD_MATCH = YES;
				COPY_PHASE_STRIP = NO;
				DEBUG_INFORMATION_FORMAT = "dwarf-with-dsym";
				ENABLE_NS_ASSERTIONS = NO;
				ENABLE_STRICT_OBJC_MSGSEND = YES;
				ENABLE_USER_SCRIPT_SANDBOXING = YES;
				GCC_C_LANGUAGE_STANDARD = gnu17;
				GCC_NO_COMMON_BLOCKS = YES;
				GCC_WARN_64_TO_32_BIT_CONVERSION = YES;
				GCC_WARN_ABOUT_RETURN_TYPE = YES_ERROR;
				GCC_WARN_UNDECLARED_SELECTOR = YES;
				GCC_WARN_UNINITIALIZED_AUTOS = YES_AGGRESSIVE;
				GCC_WARN_UNUSED_FUNCTION = YES;
				GCC_WARN_UNUSED_VARIABLE = YES;
				IPHONEOS_DEPLOYMENT_TARGET = 17.4;
				LOCALIZATION_PREFERS_STRING_CATALOGS = YES;
				MTL_ENABLE_DEBUG_INFO = NO;
				MTL_FAST_MATH = YES;
				SDKROOT = iphoneos;
				SWIFT_COMPILATION_MODE = wholemodule;
				VALIDATE_PRODUCT = YES;
			};
			name = Release;
		};
		12CF37802BF50334008A1C3E /* Debug */ = {
			isa = XCBuildConfiguration;
			buildSettings = {
				ASSETCATALOG_COMPILER_APPICON_NAME = AppIcon;
				ASSETCATALOG_COMPILER_GLOBAL_ACCENT_COLOR_NAME = AccentColor;
				CODE_SIGN_STYLE = Automatic;
				CURRENT_PROJECT_VERSION = 1;
				DEVELOPMENT_ASSET_PATHS = "\"CurrencyCalculator/Preview Content\"";
				DEVELOPMENT_TEAM = XHS2WR6653;
				ENABLE_PREVIEWS = YES;
				GENERATE_INFOPLIST_FILE = YES;
				INFOPLIST_KEY_UIApplicationSceneManifest_Generation = YES;
				INFOPLIST_KEY_UIApplicationSupportsIndirectInputEvents = YES;
				INFOPLIST_KEY_UILaunchScreen_Generation = YES;
				INFOPLIST_KEY_UISupportedInterfaceOrientations_iPad = "UIInterfaceOrientationPortrait UIInterfaceOrientationPortraitUpsideDown UIInterfaceOrientationLandscapeLeft UIInterfaceOrientationLandscapeRight";
				INFOPLIST_KEY_UISupportedInterfaceOrientations_iPhone = "UIInterfaceOrientationPortrait UIInterfaceOrientationLandscapeLeft UIInterfaceOrientationLandscapeRight";
				LD_RUNPATH_SEARCH_PATHS = (
					"$(inherited)",
					"@executable_path/Frameworks",
				);
				MARKETING_VERSION = 1.0;
				PRODUCT_BUNDLE_IDENTIFIER = com.currencycalculator.np.CurrencyCalculator;
				PRODUCT_NAME = "$(TARGET_NAME)";
				SWIFT_EMIT_LOC_STRINGS = YES;
				SWIFT_VERSION = 5.0;
				TARGETED_DEVICE_FAMILY = "1,2";
			};
			name = Debug;
		};
		12CF37812BF50334008A1C3E /* Release */ = {
			isa = XCBuildConfiguration;
			buildSettings = {
				ASSETCATALOG_COMPILER_APPICON_NAME = AppIcon;
				ASSETCATALOG_COMPILER_GLOBAL_ACCENT_COLOR_NAME = AccentColor;
				CODE_SIGN_STYLE = Automatic;
				CURRENT_PROJECT_VERSION = 1;
				DEVELOPMENT_ASSET_PATHS = "\"CurrencyCalculator/Preview Content\"";
				DEVELOPMENT_TEAM = XHS2WR6653;
				ENABLE_PREVIEWS = YES;
				GENERATE_INFOPLIST_FILE = YES;
				INFOPLIST_KEY_UIApplicationSceneManifest_Generation = YES;
				INFOPLIST_KEY_UIApplicationSupportsIndirectInputEvents = YES;
				INFOPLIST_KEY_UILaunchScreen_Generation = YES;
				INFOPLIST_KEY_UISupportedInterfaceOrientations_iPad = "UIInterfaceOrientationPortrait UIInterfaceOrientationPortraitUpsideDown UIInterfaceOrientationLandscapeLeft UIInterfaceOrientationLandscapeRight";
				INFOPLIST_KEY_UISupportedInterfaceOrientations_iPhone = "UIInterfaceOrientationPortrait UIInterfaceOrientationLandscapeLeft UIInterfaceOrientationLandscapeRight";
				LD_RUNPATH_SEARCH_PATHS = (
					"$(inherited)",
					"@executable_path/Frameworks",
				);
				MARKETING_VERSION = 1.0;
				PRODUCT_BUNDLE_IDENTIFIER = com.currencycalculator.np.CurrencyCalculator;
				PRODUCT_NAME = "$(TARGET_NAME)";
				SWIFT_EMIT_LOC_STRINGS = YES;
				SWIFT_VERSION = 5.0;
				TARGETED_DEVICE_FAMILY = "1,2";
			};
			name = Release;
		};
/* End XCBuildConfiguration section */

/* Begin XCConfigurationList section */
		12CF376C2BF50332008A1C3E /* Build configuration list for PBXProject "CurrencyCalculator" */ = {
			isa = XCConfigurationList;
			buildConfigurations = (
				12CF377D2BF50334008A1C3E /* Debug */,
				12CF377E2BF50334008A1C3E /* Release */,
			);
			defaultConfigurationIsVisible = 0;
			defaultConfigurationName = Release;
		};
		12CF377F2BF50334008A1C3E /* Build configuration list for PBXNativeTarget "CurrencyCalculator" */ = {
			isa = XCConfigurationList;
			buildConfigurations = (
				12CF37802BF50334008A1C3E /* Debug */,
				12CF37812BF50334008A1C3E /* Release */,
			);
			defaultConfigurationIsVisible = 0;
			defaultConfigurationName = Release;
		};
/* End XCConfigurationList section */
	};
	rootObject = 12CF37692BF50332008A1C3E /* Project object */;
}
